
Microsoft Visual Studio Solution File, Format Version 12.00
# Visual Studio Version 16
VisualStudioVersion = 16.0.33529.622
MinimumVisualStudioVersion = 10.0.40219.1
Project("{FAE04EC0-301F-11D3-BF4B-00C04F79EFBC}") = "exception 2", "exception 2\exception 2.csproj", "{2EF1A289-CF8E-4E2D-8AD4-CC6376F24C6E}"
EndProject
Global
	GlobalSection(SolutionConfigurationPlatforms) = preSolution
		Debug|Any CPU = Debug|Any CPU
		Release|Any CPU = Release|Any CPU
	EndGlobalSection
	GlobalSection(ProjectConfigurationPlatforms) = postSolution
		{2EF1A289-CF8E-4E2D-8AD4-CC6376F24C6E}.Debug|Any CPU.ActiveCfg = Debug|Any CPU
		{2EF1A289-CF8E-4E2D-8AD4-CC6376F24C6E}.Debug|Any CPU.Build.0 = Debug|Any CPU
		{2EF1A289-CF8E-4E2D-8AD4-CC6376F24C6E}.Release|Any CPU.ActiveCfg = Release|Any CPU
		{2EF1A289-CF8E-4E2D-8AD4-CC6376F24C6E}.Release|Any CPU.Build.0 = Release|Any CPU
	EndGlobalSection
	GlobalSection(SolutionProperties) = preSolution
		HideSolutionNode = FALSE
	EndGlobalSection
	GlobalSection(ExtensibilityGlobals) = postSolution
		SolutionGuid = {5A95A14A-D970-4290-A8F3-DDD2DE3ABCD7}
	EndGlobalSection
EndGlobal
